
Microsoft Visual Studio Solution File, Format Version 12.00
# Visual Studio 14
VisualStudioVersion = 14.0.24720.0
MinimumVisualStudioVersion = 10.0.40219.1
Project("{E24C65DC-7377-472B-9ABA-BC803B73C61A}") = "recetips", "..\..\WebSites\recetips\", "{B0978910-5315-4DBC-9D75-EDDB2814D0BF}"
	ProjectSection(WebsiteProperties) = preProject
		TargetFrameworkMoniker = ".NETFramework,Version%3Dv4.5.2"
		Debug.AspNetCompiler.VirtualPath = "/localhost_49172"
		Debug.AspNetCompiler.PhysicalPath = "..\..\WebSites\recetips\"
		Debug.AspNetCompiler.TargetPath = "PrecompiledWeb\localhost_49172\"
		Debug.AspNetCompiler.Updateable = "true"
		Debug.AspNetCompiler.ForceOverwrite = "true"
		Debug.AspNetCompiler.FixedNames = "false"
		Debug.AspNetCompiler.Debug = "True"
		Release.AspNetCompiler.VirtualPath = "/localhost_49172"
		Release.AspNetCompiler.PhysicalPath = "..\..\WebSites\recetips\"
		Release.AspNetCompiler.TargetPath = "PrecompiledWeb\localhost_49172\"
		Release.AspNetCompiler.Updateable = "true"
		Release.AspNetCompiler.ForceOverwrite = "true"
		Release.AspNetCompiler.FixedNames = "false"
		Release.AspNetCompiler.Debug = "False"
		VWDPort = "49172"
		SlnRelativePath = "..\..\WebSites\recetips\"
		DefaultWebSiteLanguage = "Visual C#"
	EndProjectSection
EndProject
Global
	GlobalSection(SolutionConfigurationPlatforms) = preSolution
		Debug|Any CPU = Debug|Any CPU
	EndGlobalSection
	GlobalSection(ProjectConfigurationPlatforms) = postSolution
		{B0978910-5315-4DBC-9D75-EDDB2814D0BF}.Debug|Any CPU.ActiveCfg = Debug|Any CPU
		{B0978910-5315-4DBC-9D75-EDDB2814D0BF}.Debug|Any CPU.Build.0 = Debug|Any CPU
	EndGlobalSection
	GlobalSection(SolutionProperties) = preSolution
		HideSolutionNode = FALSE
	EndGlobalSection
EndGlobal
